
Microsoft Visual Studio Solution File, Format Version 12.00
# Visual Studio Version 16
VisualStudioVersion = 16.0.29319.158
MinimumVisualStudioVersion = 10.0.40219.1
Project("{8BC9CEB8-8B4A-11D0-8D11-00A0C91BC942}") = "Text_OpenCV", "Text_OpenCV.vcxproj", "{5C26331F-A510-49D2-AF3D-D49EED08B1C4}"
EndProject
Global
	GlobalSection(SolutionConfigurationPlatforms) = preSolution
		Debug|x64 = Debug|x64
		Debug|x86 = Debug|x86
		Release|x64 = Release|x64
		Release|x86 = Release|x86
	EndGlobalSection
	GlobalSection(ProjectConfigurationPlatforms) = postSolution
		{5C26331F-A510-49D2-AF3D-D49EED08B1C4}.Debug|x64.ActiveCfg = Debug|x64
		{5C26331F-A510-49D2-AF3D-D49EED08B1C4}.Debug|x64.Build.0 = Debug|x64
		{5C26331F-A510-49D2-AF3D-D49EED08B1C4}.Debug|x86.ActiveCfg = Debug|Win32
		{5C26331F-A510-49D2-AF3D-D49EED08B1C4}.Debug|x86.Build.0 = Debug|Win32
		{5C26331F-A510-49D2-AF3D-D49EED08B1C4}.Release|x64.ActiveCfg = Release|x64
		{5C26331F-A510-49D2-AF3D-D49EED08B1C4}.Release|x64.Build.0 = Release|x64
		{5C26331F-A510-49D2-AF3D-D49EED08B1C4}.Release|x86.ActiveCfg = Release|Win32
		{5C26331F-A510-49D2-AF3D-D49EED08B1C4}.Release|x86.Build.0 = Release|Win32
	EndGlobalSection
	GlobalSection(SolutionProperties) = preSolution
		HideSolutionNode = FALSE
	EndGlobalSection
	GlobalSection(ExtensibilityGlobals) = postSolution
		SolutionGuid = {852B13FD-7D70-4ACB-A563-126A32050082}
	EndGlobalSection
EndGlobal
